
Microsoft Visual Studio Solution File, Format Version 12.00
# Visual Studio Version 16
VisualStudioVersion = 16.0.30523.141
MinimumVisualStudioVersion = 10.0.40219.1
Project("{FAE04EC0-301F-11D3-BF4B-00C04F79EFBC}") = "WpfApp1", "WpfApp1\WpfApp1.csproj", "{EC28A952-7C73-496E-B2EF-E23BF75C336A}"
EndProject
Global
	GlobalSection(SolutionConfigurationPlatforms) = preSolution
		Debug|Any CPU = Debug|Any CPU
		Release|Any CPU = Release|Any CPU
	EndGlobalSection
	GlobalSection(ProjectConfigurationPlatforms) = postSolution
		{EC28A952-7C73-496E-B2EF-E23BF75C336A}.Debug|Any CPU.ActiveCfg = Debug|Any CPU
		{EC28A952-7C73-496E-B2EF-E23BF75C336A}.Debug|Any CPU.Build.0 = Debug|Any CPU
		{EC28A952-7C73-496E-B2EF-E23BF75C336A}.Release|Any CPU.ActiveCfg = Release|Any CPU
		{EC28A952-7C73-496E-B2EF-E23BF75C336A}.Release|Any CPU.Build.0 = Release|Any CPU
	EndGlobalSection
	GlobalSection(SolutionProperties) = preSolution
		HideSolutionNode = FALSE
	EndGlobalSection
	GlobalSection(ExtensibilityGlobals) = postSolution
		SolutionGuid = {2AFF5943-5130-4091-A1EA-BF152317CBD9}
	EndGlobalSection
EndGlobal
